
Microsoft Visual Studio Solution File, Format Version 12.00
# Visual Studio Version 16
VisualStudioVersion = 16.0.31424.327
MinimumVisualStudioVersion = 10.0.40219.1
Project("{FAE04EC0-301F-11D3-BF4B-00C04F79EFBC}") = "Dependency Inversion", "Dependency Inversion\Dependency Inversion.csproj", "{D59F368B-5725-45B6-93DC-6A04B56170DB}"
EndProject
Global
	GlobalSection(SolutionConfigurationPlatforms) = preSolution
		Debug|Any CPU = Debug|Any CPU
		Release|Any CPU = Release|Any CPU
	EndGlobalSection
	GlobalSection(ProjectConfigurationPlatforms) = postSolution
		{D59F368B-5725-45B6-93DC-6A04B56170DB}.Debug|Any CPU.ActiveCfg = Debug|Any CPU
		{D59F368B-5725-45B6-93DC-6A04B56170DB}.Debug|Any CPU.Build.0 = Debug|Any CPU
		{D59F368B-5725-45B6-93DC-6A04B56170DB}.Release|Any CPU.ActiveCfg = Release|Any CPU
		{D59F368B-5725-45B6-93DC-6A04B56170DB}.Release|Any CPU.Build.0 = Release|Any CPU
	EndGlobalSection
	GlobalSection(SolutionProperties) = preSolution
		HideSolutionNode = FALSE
	EndGlobalSection
	GlobalSection(ExtensibilityGlobals) = postSolution
		SolutionGuid = {710C57B1-97DF-4778-9231-75D325A3B316}
	EndGlobalSection
EndGlobal
